
Microsoft Visual Studio Solution File, Format Version 12.00
# Visual Studio Version 16
VisualStudioVersion = 16.0.29326.143
MinimumVisualStudioVersion = 10.0.40219.1
Project("{9A19103F-16F7-4668-BE54-9A1E7A4F7556}") = "aspnetzabota.Web", "aspnetzabota\aspnetzabota.Web.csproj", "{59553C3A-2C77-4564-93B8-F7E8F4756007}"
EndProject
Project("{9A19103F-16F7-4668-BE54-9A1E7A4F7556}") = "aspnetzabota.Content.Database", "aspnetzabota.Data\aspnetzabota.Content.Database.csproj", "{9CA0E3BE-5AE9-4C69-B898-FB956103FAC0}"
EndProject
Project("{2150E333-8FDC-42A3-9474-1A3956D46DE8}") = "Web", "Web", "{708E8DD6-9BBC-4404-A46C-0A1B0E98009C}"
EndProject
Project("{2150E333-8FDC-42A3-9474-1A3956D46DE8}") = "Content", "Content", "{5A726B7C-B400-4766-86DD-1B7E827A98F2}"
EndProject
Project("{9A19103F-16F7-4668-BE54-9A1E7A4F7556}") = "aspnetzabota.Content.Database.Repository", "aspnetzabota.Content.Database.Repository\aspnetzabota.Content.Database.Repository.csproj", "{93F84B06-C14F-4BFC-A7E4-EE91E6934EC6}"
EndProject
Project("{9A19103F-16F7-4668-BE54-9A1E7A4F7556}") = "aspnetzabota.Content.Services", "aspnetzabota.Content.Sevices\aspnetzabota.Content.Services.csproj", "{ACC00AB7-C420-43B2-ACD0-2E4A885ED409}"
EndProject
Project("{9A19103F-16F7-4668-BE54-9A1E7A4F7556}") = "aspnetzabota.Web.Style", "aspnetzabota.Web.Style\aspnetzabota.Web.Style.csproj", "{CC37A5A4-1200-4B81-A0C7-614F6F95D5BF}"
EndProject
Project("{9A19103F-16F7-4668-BE54-9A1E7A4F7556}") = "aspnetzabota.Web.ViewModels", "aspnetzabota.Web.ViewModels\aspnetzabota.Web.ViewModels.csproj", "{90794A88-32EC-4273-AF89-EA3F1A7FDEBD}"
EndProject
Project("{2150E333-8FDC-42A3-9474-1A3956D46DE8}") = "Common", "Common", "{E1C2A2AC-E047-49EC-B8EE-729B0FDAD109}"
EndProject
Project("{9A19103F-16F7-4668-BE54-9A1E7A4F7556}") = "aspnetzabota.Common.EFCore", "aspnetzabota.Common.EFCore\aspnetzabota.Common.EFCore.csproj", "{901C4279-A1E7-4959-A020-ED2447DCBADA}"
EndProject
Project("{2150E333-8FDC-42A3-9474-1A3956D46DE8}") = "Admin", "Admin", "{D1B133A2-852D-47E3-9707-D0FD67A0B95B}"
EndProject
Project("{9A19103F-16F7-4668-BE54-9A1E7A4F7556}") = "aspnetzabota.Admin.Database", "aspnetzabota.Admin.Database\aspnetzabota.Admin.Database.csproj", "{4D405965-E00A-4A98-9447-E0C09DD2A48D}"
EndProject
Project("{9A19103F-16F7-4668-BE54-9A1E7A4F7556}") = "aspnetzabota.Admin.Datamodel", "aspnetzabota.Admin.Datamodel\aspnetzabota.Admin.Datamodel.csproj", "{193AF8A7-9584-46E3-80AA-77499840C287}"
EndProject
Project("{9A19103F-16F7-4668-BE54-9A1E7A4F7556}") = "aspnetzabota.Admin.Database.Repository", "aspnetzabota.Admin.Database.Repository\aspnetzabota.Admin.Database.Repository.csproj", "{33488241-2296-412F-8183-D13E5B66FD3D}"
EndProject
Project("{9A19103F-16F7-4668-BE54-9A1E7A4F7556}") = "aspnetzabota.Admin.Forms", "aspnetzabota.Admin.Forms\aspnetzabota.Admin.Forms.csproj", "{D947A635-CB25-49FB-8C42-E055B6580839}"
EndProject
Project("{9A19103F-16F7-4668-BE54-9A1E7A4F7556}") = "aspnetzabota.Admin.Services", "aspnetzabota.Admin.Service\aspnetzabota.Admin.Services.csproj", "{7A3DAD9F-383A-4068-B18C-009C474F1634}"
EndProject
Project("{9A19103F-16F7-4668-BE54-9A1E7A4F7556}") = "aspnetzabota.Common.PasswordService", "aspnetzabota.Common.PasswordHashCalculator\aspnetzabota.Common.PasswordService.csproj", "{562B8AB2-4665-47D6-B255-4CFB9337D5FC}"
EndProject
Project("{9A19103F-16F7-4668-BE54-9A1E7A4F7556}") = "aspnetzabota.Common.Datamodel", "aspnetzabota.Common.Datamodel\aspnetzabota.Common.Datamodel.csproj", "{C45A62E1-8246-43DA-B4D6-3782160B6D37}"
EndProject
Project("{9A19103F-16F7-4668-BE54-9A1E7A4F7556}") = "aspnetzabota.Common.AutoMapper", "aspnetzabota.Common.AutoMapper\aspnetzabota.Common.AutoMapper.csproj", "{7A129EB0-5BBF-4FF4-8A6C-84146B6D63D1}"
EndProject
Project("{9A19103F-16F7-4668-BE54-9A1E7A4F7556}") = "aspnetzabota.Web.Common", "aspnetzabota.Web.Common\aspnetzabota.Web.Common.csproj", "{58F92B1E-2C74-4DCE-B366-1C968832C707}"
EndProject
Project("{9A19103F-16F7-4668-BE54-9A1E7A4F7556}") = "aspnetzabota.Content.Datamodel", "aspnetzabota.Content.Datamodel\aspnetzabota.Content.Datamodel.csproj", "{538A5234-B776-4BD0-8E1D-AC2A60D6D5FB}"
EndProject
Project("{9A19103F-16F7-4668-BE54-9A1E7A4F7556}") = "aspnetzabota.Common.Upload", "aspnetzabota.Common.Upload\aspnetzabota.Common.Upload.csproj", "{CC024DD2-CA55-485A-9800-DF62F59866EE}"
EndProject
Global
	GlobalSection(SolutionConfigurationPlatforms) = preSolution
		Debug|Any CPU = Debug|Any CPU
		Release|Any CPU = Release|Any CPU
	EndGlobalSection
	GlobalSection(ProjectConfigurationPlatforms) = postSolution
		{59553C3A-2C77-4564-93B8-F7E8F4756007}.Debug|Any CPU.ActiveCfg = Debug|Any CPU
		{59553C3A-2C77-4564-93B8-F7E8F4756007}.Debug|Any CPU.Build.0 = Debug|Any CPU
		{59553C3A-2C77-4564-93B8-F7E8F4756007}.Release|Any CPU.ActiveCfg = Release|Any CPU
		{59553C3A-2C77-4564-93B8-F7E8F4756007}.Release|Any CPU.Build.0 = Release|Any CPU
		{9CA0E3BE-5AE9-4C69-B898-FB956103FAC0}.Debug|Any CPU.ActiveCfg = Debug|Any CPU
		{9CA0E3BE-5AE9-4C69-B898-FB956103FAC0}.Debug|Any CPU.Build.0 = Debug|Any CPU
		{9CA0E3BE-5AE9-4C69-B898-FB956103FAC0}.Release|Any CPU.ActiveCfg = Release|Any CPU
		{9CA0E3BE-5AE9-4C69-B898-FB956103FAC0}.Release|Any CPU.Build.0 = Release|Any CPU
		{93F84B06-C14F-4BFC-A7E4-EE91E6934EC6}.Debug|Any CPU.ActiveCfg = Debug|Any CPU
		{93F84B06-C14F-4BFC-A7E4-EE91E6934EC6}.Debug|Any CPU.Build.0 = Debug|Any CPU
		{93F84B06-C14F-4BFC-A7E4-EE91E6934EC6}.Release|Any CPU.ActiveCfg = Release|Any CPU
		{93F84B06-C14F-4BFC-A7E4-EE91E6934EC6}.Release|Any CPU.Build.0 = Release|Any CPU
		{ACC00AB7-C420-43B2-ACD0-2E4A885ED409}.Debug|Any CPU.ActiveCfg = Debug|Any CPU
		{ACC00AB7-C420-43B2-ACD0-2E4A885ED409}.Debug|Any CPU.Build.0 = Debug|Any CPU
		{ACC00AB7-C420-43B2-ACD0-2E4A885ED409}.Release|Any CPU.ActiveCfg = Release|Any CPU
		{ACC00AB7-C420-43B2-ACD0-2E4A885ED409}.Release|Any CPU.Build.0 = Release|Any CPU
		{CC37A5A4-1200-4B81-A0C7-614F6F95D5BF}.Debug|Any CPU.ActiveCfg = Debug|Any CPU
		{CC37A5A4-1200-4B81-A0C7-614F6F95D5BF}.Debug|Any CPU.Build.0 = Debug|Any CPU
		{CC37A5A4-1200-4B81-A0C7-614F6F95D5BF}.Release|Any CPU.ActiveCfg = Release|Any CPU
		{CC37A5A4-1200-4B81-A0C7-614F6F95D5BF}.Release|Any CPU.Build.0 = Release|Any CPU
		{90794A88-32EC-4273-AF89-EA3F1A7FDEBD}.Debug|Any CPU.ActiveCfg = Debug|Any CPU
		{90794A88-32EC-4273-AF89-EA3F1A7FDEBD}.Debug|Any CPU.Build.0 = Debug|Any CPU
		{90794A88-32EC-4273-AF89-EA3F1A7FDEBD}.Release|Any CPU.ActiveCfg = Release|Any CPU
		{90794A88-32EC-4273-AF89-EA3F1A7FDEBD}.Release|Any CPU.Build.0 = Release|Any CPU
		{901C4279-A1E7-4959-A020-ED2447DCBADA}.Debug|Any CPU.ActiveCfg = Debug|Any CPU
		{901C4279-A1E7-4959-A020-ED2447DCBADA}.Debug|Any CPU.Build.0 = Debug|Any CPU
		{901C4279-A1E7-4959-A020-ED2447DCBADA}.Release|Any CPU.ActiveCfg = Release|Any CPU
		{901C4279-A1E7-4959-A020-ED2447DCBADA}.Release|Any CPU.Build.0 = Release|Any CPU
		{4D405965-E00A-4A98-9447-E0C09DD2A48D}.Debug|Any CPU.ActiveCfg = Debug|Any CPU
		{4D405965-E00A-4A98-9447-E0C09DD2A48D}.Debug|Any CPU.Build.0 = Debug|Any CPU
		{4D405965-E00A-4A98-9447-E0C09DD2A48D}.Release|Any CPU.ActiveCfg = Release|Any CPU
		{4D405965-E00A-4A98-9447-E0C09DD2A48D}.Release|Any CPU.Build.0 = Release|Any CPU
		{193AF8A7-9584-46E3-80AA-77499840C287}.Debug|Any CPU.ActiveCfg = Debug|Any CPU
		{193AF8A7-9584-46E3-80AA-77499840C287}.Debug|Any CPU.Build.0 = Debug|Any CPU
		{193AF8A7-9584-46E3-80AA-77499840C287}.Release|Any CPU.ActiveCfg = Release|Any CPU
		{193AF8A7-9584-46E3-80AA-77499840C287}.Release|Any CPU.Build.0 = Release|Any CPU
		{33488241-2296-412F-8183-D13E5B66FD3D}.Debug|Any CPU.ActiveCfg = Debug|Any CPU
		{33488241-2296-412F-8183-D13E5B66FD3D}.Debug|Any CPU.Build.0 = Debug|Any CPU
		{33488241-2296-412F-8183-D13E5B66FD3D}.Release|Any CPU.ActiveCfg = Release|Any CPU
		{33488241-2296-412F-8183-D13E5B66FD3D}.Release|Any CPU.Build.0 = Release|Any CPU
		{D947A635-CB25-49FB-8C42-E055B6580839}.Debug|Any CPU.ActiveCfg = Debug|Any CPU
		{D947A635-CB25-49FB-8C42-E055B6580839}.Debug|Any CPU.Build.0 = Debug|Any CPU
		{D947A635-CB25-49FB-8C42-E055B6580839}.Release|Any CPU.ActiveCfg = Release|Any CPU
		{D947A635-CB25-49FB-8C42-E055B6580839}.Release|Any CPU.Build.0 = Release|Any CPU
		{7A3DAD9F-383A-4068-B18C-009C474F1634}.Debug|Any CPU.ActiveCfg = Debug|Any CPU
		{7A3DAD9F-383A-4068-B18C-009C474F1634}.Debug|Any CPU.Build.0 = Debug|Any CPU
		{7A3DAD9F-383A-4068-B18C-009C474F1634}.Release|Any CPU.ActiveCfg = Release|Any CPU
		{7A3DAD9F-383A-4068-B18C-009C474F1634}.Release|Any CPU.Build.0 = Release|Any CPU
		{562B8AB2-4665-47D6-B255-4CFB9337D5FC}.Debug|Any CPU.ActiveCfg = Debug|Any CPU
		{562B8AB2-4665-47D6-B255-4CFB9337D5FC}.Debug|Any CPU.Build.0 = Debug|Any CPU
		{562B8AB2-4665-47D6-B255-4CFB9337D5FC}.Release|Any CPU.ActiveCfg = Release|Any CPU
		{562B8AB2-4665-47D6-B255-4CFB9337D5FC}.Release|Any CPU.Build.0 = Release|Any CPU
		{C45A62E1-8246-43DA-B4D6-3782160B6D37}.Debug|Any CPU.ActiveCfg = Debug|Any CPU
		{C45A62E1-8246-43DA-B4D6-3782160B6D37}.Debug|Any CPU.Build.0 = Debug|Any CPU
		{C45A62E1-8246-43DA-B4D6-3782160B6D37}.Release|Any CPU.ActiveCfg = Release|Any CPU
		{C45A62E1-8246-43DA-B4D6-3782160B6D37}.Release|Any CPU.Build.0 = Release|Any CPU
		{7A129EB0-5BBF-4FF4-8A6C-84146B6D63D1}.Debug|Any CPU.ActiveCfg = Debug|Any CPU
		{7A129EB0-5BBF-4FF4-8A6C-84146B6D63D1}.Debug|Any CPU.Build.0 = Debug|Any CPU
		{7A129EB0-5BBF-4FF4-8A6C-84146B6D63D1}.Release|Any CPU.ActiveCfg = Release|Any CPU
		{7A129EB0-5BBF-4FF4-8A6C-84146B6D63D1}.Release|Any CPU.Build.0 = Release|Any CPU
		{58F92B1E-2C74-4DCE-B366-1C968832C707}.Debug|Any CPU.ActiveCfg = Debug|Any CPU
		{58F92B1E-2C74-4DCE-B366-1C968832C707}.Debug|Any CPU.Build.0 = Debug|Any CPU
		{58F92B1E-2C74-4DCE-B366-1C968832C707}.Release|Any CPU.ActiveCfg = Release|Any CPU
		{58F92B1E-2C74-4DCE-B366-1C968832C707}.Release|Any CPU.Build.0 = Release|Any CPU
		{538A5234-B776-4BD0-8E1D-AC2A60D6D5FB}.Debug|Any CPU.ActiveCfg = Debug|Any CPU
		{538A5234-B776-4BD0-8E1D-AC2A60D6D5FB}.Debug|Any CPU.Build.0 = Debug|Any CPU
		{538A5234-B776-4BD0-8E1D-AC2A60D6D5FB}.Release|Any CPU.ActiveCfg = Release|Any CPU
		{538A5234-B776-4BD0-8E1D-AC2A60D6D5FB}.Release|Any CPU.Build.0 = Release|Any CPU
		{CC024DD2-CA55-485A-9800-DF62F59866EE}.Debug|Any CPU.ActiveCfg = Debug|Any CPU
		{CC024DD2-CA55-485A-9800-DF62F59866EE}.Debug|Any CPU.Build.0 = Debug|Any CPU
		{CC024DD2-CA55-485A-9800-DF62F59866EE}.Release|Any CPU.ActiveCfg = Release|Any CPU
		{CC024DD2-CA55-485A-9800-DF62F59866EE}.Release|Any CPU.Build.0 = Release|Any CPU
	EndGlobalSection
	GlobalSection(SolutionProperties) = preSolution
		HideSolutionNode = FALSE
	EndGlobalSection
	GlobalSection(NestedProjects) = preSolution
		{59553C3A-2C77-4564-93B8-F7E8F4756007} = {708E8DD6-9BBC-4404-A46C-0A1B0E98009C}
		{9CA0E3BE-5AE9-4C69-B898-FB956103FAC0} = {5A726B7C-B400-4766-86DD-1B7E827A98F2}
		{93F84B06-C14F-4BFC-A7E4-EE91E6934EC6} = {5A726B7C-B400-4766-86DD-1B7E827A98F2}
		{ACC00AB7-C420-43B2-ACD0-2E4A885ED409} = {5A726B7C-B400-4766-86DD-1B7E827A98F2}
		{CC37A5A4-1200-4B81-A0C7-614F6F95D5BF} = {708E8DD6-9BBC-4404-A46C-0A1B0E98009C}
		{90794A88-32EC-4273-AF89-EA3F1A7FDEBD} = {708E8DD6-9BBC-4404-A46C-0A1B0E98009C}
		{901C4279-A1E7-4959-A020-ED2447DCBADA} = {E1C2A2AC-E047-49EC-B8EE-729B0FDAD109}
		{4D405965-E00A-4A98-9447-E0C09DD2A48D} = {D1B133A2-852D-47E3-9707-D0FD67A0B95B}
		{193AF8A7-9584-46E3-80AA-77499840C287} = {D1B133A2-852D-47E3-9707-D0FD67A0B95B}
		{33488241-2296-412F-8183-D13E5B66FD3D} = {D1B133A2-852D-47E3-9707-D0FD67A0B95B}
		{D947A635-CB25-49FB-8C42-E055B6580839} = {D1B133A2-852D-47E3-9707-D0FD67A0B95B}
		{7A3DAD9F-383A-4068-B18C-009C474F1634} = {D1B133A2-852D-47E3-9707-D0FD67A0B95B}
		{562B8AB2-4665-47D6-B255-4CFB9337D5FC} = {E1C2A2AC-E047-49EC-B8EE-729B0FDAD109}
		{C45A62E1-8246-43DA-B4D6-3782160B6D37} = {E1C2A2AC-E047-49EC-B8EE-729B0FDAD109}
		{7A129EB0-5BBF-4FF4-8A6C-84146B6D63D1} = {E1C2A2AC-E047-49EC-B8EE-729B0FDAD109}
		{58F92B1E-2C74-4DCE-B366-1C968832C707} = {708E8DD6-9BBC-4404-A46C-0A1B0E98009C}
		{538A5234-B776-4BD0-8E1D-AC2A60D6D5FB} = {5A726B7C-B400-4766-86DD-1B7E827A98F2}
		{CC024DD2-CA55-485A-9800-DF62F59866EE} = {E1C2A2AC-E047-49EC-B8EE-729B0FDAD109}
	EndGlobalSection
	GlobalSection(ExtensibilityGlobals) = postSolution
		SolutionGuid = {0BE8BF93-7D64-4481-85D9-474D1445CBE6}
	EndGlobalSection
EndGlobal
